
Microsoft Visual Studio Solution File, Format Version 12.00
# Visual Studio Version 17
VisualStudioVersion = 17.4.33403.182
MinimumVisualStudioVersion = 10.0.40219.1
Project("{8BC9CEB8-8B4A-11D0-8D11-00A0C91BC942}") = "ServerU", "ServerU\ServerU.vcxproj", "{D0BC0CF8-E431-4F59-B2C5-FA561FCF6F89}"
EndProject
Project("{8BC9CEB8-8B4A-11D0-8D11-00A0C91BC942}") = "ClientU", "ClientU\ClientU.vcxproj", "{A567F216-B9B0-4CC0-AAB2-E0CDDE937D8E}"
EndProject
Global
	GlobalSection(SolutionConfigurationPlatforms) = preSolution
		Debug|x64 = Debug|x64
		Debug|x86 = Debug|x86
		Release|x64 = Release|x64
		Release|x86 = Release|x86
	EndGlobalSection
	GlobalSection(ProjectConfigurationPlatforms) = postSolution
		{D0BC0CF8-E431-4F59-B2C5-FA561FCF6F89}.Debug|x64.ActiveCfg = Debug|x64
		{D0BC0CF8-E431-4F59-B2C5-FA561FCF6F89}.Debug|x64.Build.0 = Debug|x64
		{D0BC0CF8-E431-4F59-B2C5-FA561FCF6F89}.Debug|x86.ActiveCfg = Debug|Win32
		{D0BC0CF8-E431-4F59-B2C5-FA561FCF6F89}.Debug|x86.Build.0 = Debug|Win32
		{D0BC0CF8-E431-4F59-B2C5-FA561FCF6F89}.Release|x64.ActiveCfg = Release|x64
		{D0BC0CF8-E431-4F59-B2C5-FA561FCF6F89}.Release|x64.Build.0 = Release|x64
		{D0BC0CF8-E431-4F59-B2C5-FA561FCF6F89}.Release|x86.ActiveCfg = Release|Win32
		{D0BC0CF8-E431-4F59-B2C5-FA561FCF6F89}.Release|x86.Build.0 = Release|Win32
		{A567F216-B9B0-4CC0-AAB2-E0CDDE937D8E}.Debug|x64.ActiveCfg = Debug|x64
		{A567F216-B9B0-4CC0-AAB2-E0CDDE937D8E}.Debug|x64.Build.0 = Debug|x64
		{A567F216-B9B0-4CC0-AAB2-E0CDDE937D8E}.Debug|x86.ActiveCfg = Debug|Win32
		{A567F216-B9B0-4CC0-AAB2-E0CDDE937D8E}.Debug|x86.Build.0 = Debug|Win32
		{A567F216-B9B0-4CC0-AAB2-E0CDDE937D8E}.Release|x64.ActiveCfg = Release|x64
		{A567F216-B9B0-4CC0-AAB2-E0CDDE937D8E}.Release|x64.Build.0 = Release|x64
		{A567F216-B9B0-4CC0-AAB2-E0CDDE937D8E}.Release|x86.ActiveCfg = Release|Win32
		{A567F216-B9B0-4CC0-AAB2-E0CDDE937D8E}.Release|x86.Build.0 = Release|Win32
	EndGlobalSection
	GlobalSection(SolutionProperties) = preSolution
		HideSolutionNode = FALSE
	EndGlobalSection
	GlobalSection(ExtensibilityGlobals) = postSolution
		SolutionGuid = {02B14579-D29A-42FF-84F3-7ECCB87EA0B8}
	EndGlobalSection
EndGlobal
