
Microsoft Visual Studio Solution File, Format Version 12.00
# Visual Studio Version 17
VisualStudioVersion = 17.3.32825.248
MinimumVisualStudioVersion = 10.0.40219.1
Project("{FAE04EC0-301F-11D3-BF4B-00C04F79EFBC}") = "Lab8ADO_WPF", "Lab8ADO_WPF\Lab8ADO_WPF.csproj", "{E9D22C99-8C77-4A5A-B269-FA0B28C14375}"
EndProject
Global
	GlobalSection(SolutionConfigurationPlatforms) = preSolution
		Debug|Any CPU = Debug|Any CPU
		Release|Any CPU = Release|Any CPU
	EndGlobalSection
	GlobalSection(ProjectConfigurationPlatforms) = postSolution
		{E9D22C99-8C77-4A5A-B269-FA0B28C14375}.Debug|Any CPU.ActiveCfg = Debug|Any CPU
		{E9D22C99-8C77-4A5A-B269-FA0B28C14375}.Debug|Any CPU.Build.0 = Debug|Any CPU
		{E9D22C99-8C77-4A5A-B269-FA0B28C14375}.Release|Any CPU.ActiveCfg = Release|Any CPU
		{E9D22C99-8C77-4A5A-B269-FA0B28C14375}.Release|Any CPU.Build.0 = Release|Any CPU
	EndGlobalSection
	GlobalSection(SolutionProperties) = preSolution
		HideSolutionNode = FALSE
	EndGlobalSection
	GlobalSection(ExtensibilityGlobals) = postSolution
		SolutionGuid = {5C4A6639-6D8F-4621-AE1C-BF8365EBE5C9}
	EndGlobalSection
EndGlobal
