
Microsoft Visual Studio Solution File, Format Version 12.00
# Visual Studio Version 17
VisualStudioVersion = 17.3.32929.385
MinimumVisualStudioVersion = 10.0.40219.1
Project("{FAE04EC0-301F-11D3-BF4B-00C04F79EFBC}") = "ControlWork1", "ControlWork1\ControlWork1.csproj", "{4FFD2CA0-DBCF-4F16-8BA2-50CE77BC5AFD}"
EndProject
Global
	GlobalSection(SolutionConfigurationPlatforms) = preSolution
		Debug|Any CPU = Debug|Any CPU
		Release|Any CPU = Release|Any CPU
	EndGlobalSection
	GlobalSection(ProjectConfigurationPlatforms) = postSolution
		{4FFD2CA0-DBCF-4F16-8BA2-50CE77BC5AFD}.Debug|Any CPU.ActiveCfg = Debug|Any CPU
		{4FFD2CA0-DBCF-4F16-8BA2-50CE77BC5AFD}.Debug|Any CPU.Build.0 = Debug|Any CPU
		{4FFD2CA0-DBCF-4F16-8BA2-50CE77BC5AFD}.Release|Any CPU.ActiveCfg = Release|Any CPU
		{4FFD2CA0-DBCF-4F16-8BA2-50CE77BC5AFD}.Release|Any CPU.Build.0 = Release|Any CPU
	EndGlobalSection
	GlobalSection(SolutionProperties) = preSolution
		HideSolutionNode = FALSE
	EndGlobalSection
	GlobalSection(ExtensibilityGlobals) = postSolution
		SolutionGuid = {BDBA5BD3-1480-4490-9B7D-A33DD761E80C}
	EndGlobalSection
EndGlobal
