
Microsoft Visual Studio Solution File, Format Version 12.00
# Visual Studio Version 17
VisualStudioVersion = 17.3.32901.215
MinimumVisualStudioVersion = 10.0.40219.1
Project("{8BC9CEB8-8B4A-11D0-8D11-00A0C91BC942}") = "Lab4", "Lab4\Lab4.vcxproj", "{BC55D794-5124-4DAE-A83C-940BC97D1B1A}"
EndProject
Global
	GlobalSection(SolutionConfigurationPlatforms) = preSolution
		Debug|x64 = Debug|x64
		Debug|x86 = Debug|x86
		Release|x64 = Release|x64
		Release|x86 = Release|x86
	EndGlobalSection
	GlobalSection(ProjectConfigurationPlatforms) = postSolution
		{BC55D794-5124-4DAE-A83C-940BC97D1B1A}.Debug|x64.ActiveCfg = Debug|x64
		{BC55D794-5124-4DAE-A83C-940BC97D1B1A}.Debug|x64.Build.0 = Debug|x64
		{BC55D794-5124-4DAE-A83C-940BC97D1B1A}.Debug|x86.ActiveCfg = Debug|Win32
		{BC55D794-5124-4DAE-A83C-940BC97D1B1A}.Debug|x86.Build.0 = Debug|Win32
		{BC55D794-5124-4DAE-A83C-940BC97D1B1A}.Release|x64.ActiveCfg = Release|x64
		{BC55D794-5124-4DAE-A83C-940BC97D1B1A}.Release|x64.Build.0 = Release|x64
		{BC55D794-5124-4DAE-A83C-940BC97D1B1A}.Release|x86.ActiveCfg = Release|Win32
		{BC55D794-5124-4DAE-A83C-940BC97D1B1A}.Release|x86.Build.0 = Release|Win32
	EndGlobalSection
	GlobalSection(SolutionProperties) = preSolution
		HideSolutionNode = FALSE
	EndGlobalSection
	GlobalSection(ExtensibilityGlobals) = postSolution
		SolutionGuid = {A5BDC930-48CE-4EB7-B359-2B35FD820DB5}
	EndGlobalSection
EndGlobal
