
Microsoft Visual Studio Solution File, Format Version 12.00
# Visual Studio Version 17
VisualStudioVersion = 17.3.32825.248
MinimumVisualStudioVersion = 10.0.40219.1
Project("{FAE04EC0-301F-11D3-BF4B-00C04F79EFBC}") = "OOP_Lab2", "OOP_Lab2\OOP_Lab2.csproj", "{B5D1F1CE-1B9A-40E9-8F8E-EC1504023335}"
EndProject
Global
	GlobalSection(SolutionConfigurationPlatforms) = preSolution
		Debug|Any CPU = Debug|Any CPU
		Release|Any CPU = Release|Any CPU
	EndGlobalSection
	GlobalSection(ProjectConfigurationPlatforms) = postSolution
		{B5D1F1CE-1B9A-40E9-8F8E-EC1504023335}.Debug|Any CPU.ActiveCfg = Debug|Any CPU
		{B5D1F1CE-1B9A-40E9-8F8E-EC1504023335}.Debug|Any CPU.Build.0 = Debug|Any CPU
		{B5D1F1CE-1B9A-40E9-8F8E-EC1504023335}.Release|Any CPU.ActiveCfg = Release|Any CPU
		{B5D1F1CE-1B9A-40E9-8F8E-EC1504023335}.Release|Any CPU.Build.0 = Release|Any CPU
	EndGlobalSection
	GlobalSection(SolutionProperties) = preSolution
		HideSolutionNode = FALSE
	EndGlobalSection
	GlobalSection(ExtensibilityGlobals) = postSolution
		SolutionGuid = {C8F56EED-CCCE-4C33-A792-20B7AFD8F621}
	EndGlobalSection
EndGlobal
