
Microsoft Visual Studio Solution File, Format Version 12.00
# Visual Studio Version 17
VisualStudioVersion = 17.3.32825.248
MinimumVisualStudioVersion = 10.0.40219.1
Project("{FAE04EC0-301F-11D3-BF4B-00C04F79EFBC}") = "Lab4_5", "Lab4_5\Lab4_5.csproj", "{1B06BBCB-37F5-40C2-9A8D-28ED06040DA4}"
EndProject
Global
	GlobalSection(SolutionConfigurationPlatforms) = preSolution
		Debug|Any CPU = Debug|Any CPU
		Release|Any CPU = Release|Any CPU
	EndGlobalSection
	GlobalSection(ProjectConfigurationPlatforms) = postSolution
		{1B06BBCB-37F5-40C2-9A8D-28ED06040DA4}.Debug|Any CPU.ActiveCfg = Debug|Any CPU
		{1B06BBCB-37F5-40C2-9A8D-28ED06040DA4}.Debug|Any CPU.Build.0 = Debug|Any CPU
		{1B06BBCB-37F5-40C2-9A8D-28ED06040DA4}.Release|Any CPU.ActiveCfg = Release|Any CPU
		{1B06BBCB-37F5-40C2-9A8D-28ED06040DA4}.Release|Any CPU.Build.0 = Release|Any CPU
	EndGlobalSection
	GlobalSection(SolutionProperties) = preSolution
		HideSolutionNode = FALSE
	EndGlobalSection
	GlobalSection(ExtensibilityGlobals) = postSolution
		SolutionGuid = {ECB5EEA8-24B8-4F07-A7C7-04F275E891D6}
	EndGlobalSection
EndGlobal
