
Microsoft Visual Studio Solution File, Format Version 12.00
# Visual Studio Version 17
VisualStudioVersion = 17.3.32929.385
MinimumVisualStudioVersion = 10.0.40219.1
Project("{8BC9CEB8-8B4A-11D0-8D11-00A0C91BC942}") = "Lab5", "Lab5\Lab5.vcxproj", "{B01D1F5F-CBD6-4DC9-B5B4-5514230A8347}"
EndProject
Global
	GlobalSection(SolutionConfigurationPlatforms) = preSolution
		Debug|x64 = Debug|x64
		Debug|x86 = Debug|x86
		Release|x64 = Release|x64
		Release|x86 = Release|x86
	EndGlobalSection
	GlobalSection(ProjectConfigurationPlatforms) = postSolution
		{B01D1F5F-CBD6-4DC9-B5B4-5514230A8347}.Debug|x64.ActiveCfg = Debug|x64
		{B01D1F5F-CBD6-4DC9-B5B4-5514230A8347}.Debug|x64.Build.0 = Debug|x64
		{B01D1F5F-CBD6-4DC9-B5B4-5514230A8347}.Debug|x86.ActiveCfg = Debug|Win32
		{B01D1F5F-CBD6-4DC9-B5B4-5514230A8347}.Debug|x86.Build.0 = Debug|Win32
		{B01D1F5F-CBD6-4DC9-B5B4-5514230A8347}.Release|x64.ActiveCfg = Release|x64
		{B01D1F5F-CBD6-4DC9-B5B4-5514230A8347}.Release|x64.Build.0 = Release|x64
		{B01D1F5F-CBD6-4DC9-B5B4-5514230A8347}.Release|x86.ActiveCfg = Release|Win32
		{B01D1F5F-CBD6-4DC9-B5B4-5514230A8347}.Release|x86.Build.0 = Release|Win32
	EndGlobalSection
	GlobalSection(SolutionProperties) = preSolution
		HideSolutionNode = FALSE
	EndGlobalSection
	GlobalSection(ExtensibilityGlobals) = postSolution
		SolutionGuid = {2148CBA6-2365-4817-BD73-637712C83219}
	EndGlobalSection
EndGlobal
