
Microsoft Visual Studio Solution File, Format Version 12.00
# Visual Studio Version 17
VisualStudioVersion = 17.4.33110.190
MinimumVisualStudioVersion = 10.0.40219.1
Project("{FAE04EC0-301F-11D3-BF4B-00C04F79EFBC}") = "OOP_Lab15", "OOP_Lab15\OOP_Lab15.csproj", "{CC336172-CBAB-4514-BAE2-C51A4ACFD664}"
EndProject
Global
	GlobalSection(SolutionConfigurationPlatforms) = preSolution
		Debug|Any CPU = Debug|Any CPU
		Release|Any CPU = Release|Any CPU
	EndGlobalSection
	GlobalSection(ProjectConfigurationPlatforms) = postSolution
		{CC336172-CBAB-4514-BAE2-C51A4ACFD664}.Debug|Any CPU.ActiveCfg = Debug|Any CPU
		{CC336172-CBAB-4514-BAE2-C51A4ACFD664}.Debug|Any CPU.Build.0 = Debug|Any CPU
		{CC336172-CBAB-4514-BAE2-C51A4ACFD664}.Release|Any CPU.ActiveCfg = Release|Any CPU
		{CC336172-CBAB-4514-BAE2-C51A4ACFD664}.Release|Any CPU.Build.0 = Release|Any CPU
	EndGlobalSection
	GlobalSection(SolutionProperties) = preSolution
		HideSolutionNode = FALSE
	EndGlobalSection
	GlobalSection(ExtensibilityGlobals) = postSolution
		SolutionGuid = {52ECB2A8-C575-4FDA-B96F-4907C186E58A}
	EndGlobalSection
EndGlobal
